
Microsoft Visual Studio Solution File, Format Version 12.00
# Visual Studio 15
VisualStudioVersion = 15.0.28010.2019
MinimumVisualStudioVersion = 10.0.40219.1
Project("{8BC9CEB8-8B4A-11D0-8D11-00A0C91BC942}") = "homework2.2", "homework2.2\homework2.2.vcxproj", "{4E9902EC-7D7F-47CC-954A-06FA7C16E8AA}"
EndProject
Global
	GlobalSection(SolutionConfigurationPlatforms) = preSolution
		Debug|x64 = Debug|x64
		Debug|x86 = Debug|x86
		Release|x64 = Release|x64
		Release|x86 = Release|x86
	EndGlobalSection
	GlobalSection(ProjectConfigurationPlatforms) = postSolution
		{4E9902EC-7D7F-47CC-954A-06FA7C16E8AA}.Debug|x64.ActiveCfg = Debug|x64
		{4E9902EC-7D7F-47CC-954A-06FA7C16E8AA}.Debug|x64.Build.0 = Debug|x64
		{4E9902EC-7D7F-47CC-954A-06FA7C16E8AA}.Debug|x86.ActiveCfg = Debug|Win32
		{4E9902EC-7D7F-47CC-954A-06FA7C16E8AA}.Debug|x86.Build.0 = Debug|Win32
		{4E9902EC-7D7F-47CC-954A-06FA7C16E8AA}.Release|x64.ActiveCfg = Release|x64
		{4E9902EC-7D7F-47CC-954A-06FA7C16E8AA}.Release|x64.Build.0 = Release|x64
		{4E9902EC-7D7F-47CC-954A-06FA7C16E8AA}.Release|x86.ActiveCfg = Release|Win32
		{4E9902EC-7D7F-47CC-954A-06FA7C16E8AA}.Release|x86.Build.0 = Release|Win32
	EndGlobalSection
	GlobalSection(SolutionProperties) = preSolution
		HideSolutionNode = FALSE
	EndGlobalSection
	GlobalSection(ExtensibilityGlobals) = postSolution
		SolutionGuid = {2E9897C4-A60B-442E-87D1-5B8C53AAB628}
	EndGlobalSection
EndGlobal
